
Microsoft Visual Studio Solution File, Format Version 12.00
# Visual Studio 14
VisualStudioVersion = 14.0.23107.0
MinimumVisualStudioVersion = 10.0.40219.1
Project("{FAE04EC0-301F-11D3-BF4B-00C04F79EFBC}") = "AgarIo.Server", "AgarIo.Server\AgarIo.Server.csproj", "{28DC41F1-E12A-42B6-94C0-F4E1DAA06F48}"
EndProject
Project("{FAE04EC0-301F-11D3-BF4B-00C04F79EFBC}") = "AgarIo.Server.Logic", "AgarIo.Server.Logic\AgarIo.Server.Logic.csproj", "{D30B9E4A-BC42-4A49-9AE7-E539D16C5BD7}"
EndProject
Project("{FAE04EC0-301F-11D3-BF4B-00C04F79EFBC}") = "AgarIo.AdminPanel", "AgarIo.AdminPanel\AgarIo.AdminPanel.csproj", "{E4C13B2B-09BE-4EEE-9DE6-7DF0F366AB4E}"
EndProject
Project("{FAE04EC0-301F-11D3-BF4B-00C04F79EFBC}") = "AgarIo.Contract", "AgarIo.Contract\AgarIo.Contract.csproj", "{05A2563E-69B6-4B02-9AA2-47E1FCC04596}"
EndProject
Project("{FAE04EC0-301F-11D3-BF4B-00C04F79EFBC}") = "AgarIo.Server.Logic.Tests", "AgarIo.Server.Logic.Tests\AgarIo.Server.Logic.Tests.csproj", "{A28CC60E-25FB-4F79-9BAC-21DA04E17133}"
EndProject
Project("{FAE04EC0-301F-11D3-BF4B-00C04F79EFBC}") = "AgarIo.Server.Tests", "AgarIo.Server.Tests\AgarIo.Server.Tests.csproj", "{C3F31C84-08BC-4EA2-BD24-C2B19CA797D9}"
EndProject
Project("{FAE04EC0-301F-11D3-BF4B-00C04F79EFBC}") = "AgarIo.ClientExample", "AgarIo.ClientExample\AgarIo.ClientExample.csproj", "{BC38DB9F-4756-47EF-883C-7844C2941EC3}"
EndProject
Project("{FAE04EC0-301F-11D3-BF4B-00C04F79EFBC}") = "AgarIo.SystemExtension", "AgarIo.SystemExtension\AgarIo.SystemExtension.csproj", "{2417BFD9-2BBA-4E38-B09E-9437E42A53FA}"
EndProject
Project("{FAE04EC0-301F-11D3-BF4B-00C04F79EFBC}") = "ChipmunkSharp.Win32", "..\..\downloaded\ChipmunkSharp\src\ChipmunkSharp\win32\ChipmunkSharp.Win32.csproj", "{FD50437F-B756-4BD8-99BE-B723F6E1EB45}"
EndProject
Global
	GlobalSection(SolutionConfigurationPlatforms) = preSolution
		Debug|Any CPU = Debug|Any CPU
		Release|Any CPU = Release|Any CPU
	EndGlobalSection
	GlobalSection(ProjectConfigurationPlatforms) = postSolution
		{28DC41F1-E12A-42B6-94C0-F4E1DAA06F48}.Debug|Any CPU.ActiveCfg = Debug|Any CPU
		{28DC41F1-E12A-42B6-94C0-F4E1DAA06F48}.Debug|Any CPU.Build.0 = Debug|Any CPU
		{28DC41F1-E12A-42B6-94C0-F4E1DAA06F48}.Release|Any CPU.ActiveCfg = Release|Any CPU
		{28DC41F1-E12A-42B6-94C0-F4E1DAA06F48}.Release|Any CPU.Build.0 = Release|Any CPU
		{D30B9E4A-BC42-4A49-9AE7-E539D16C5BD7}.Debug|Any CPU.ActiveCfg = Debug|Any CPU
		{D30B9E4A-BC42-4A49-9AE7-E539D16C5BD7}.Debug|Any CPU.Build.0 = Debug|Any CPU
		{D30B9E4A-BC42-4A49-9AE7-E539D16C5BD7}.Release|Any CPU.ActiveCfg = Release|Any CPU
		{D30B9E4A-BC42-4A49-9AE7-E539D16C5BD7}.Release|Any CPU.Build.0 = Release|Any CPU
		{E4C13B2B-09BE-4EEE-9DE6-7DF0F366AB4E}.Debug|Any CPU.ActiveCfg = Debug|Any CPU
		{E4C13B2B-09BE-4EEE-9DE6-7DF0F366AB4E}.Debug|Any CPU.Build.0 = Debug|Any CPU
		{E4C13B2B-09BE-4EEE-9DE6-7DF0F366AB4E}.Release|Any CPU.ActiveCfg = Release|Any CPU
		{E4C13B2B-09BE-4EEE-9DE6-7DF0F366AB4E}.Release|Any CPU.Build.0 = Release|Any CPU
		{05A2563E-69B6-4B02-9AA2-47E1FCC04596}.Debug|Any CPU.ActiveCfg = Debug|Any CPU
		{05A2563E-69B6-4B02-9AA2-47E1FCC04596}.Debug|Any CPU.Build.0 = Debug|Any CPU
		{05A2563E-69B6-4B02-9AA2-47E1FCC04596}.Release|Any CPU.ActiveCfg = Release|Any CPU
		{05A2563E-69B6-4B02-9AA2-47E1FCC04596}.Release|Any CPU.Build.0 = Release|Any CPU
		{A28CC60E-25FB-4F79-9BAC-21DA04E17133}.Debug|Any CPU.ActiveCfg = Debug|Any CPU
		{A28CC60E-25FB-4F79-9BAC-21DA04E17133}.Debug|Any CPU.Build.0 = Debug|Any CPU
		{A28CC60E-25FB-4F79-9BAC-21DA04E17133}.Release|Any CPU.ActiveCfg = Release|Any CPU
		{A28CC60E-25FB-4F79-9BAC-21DA04E17133}.Release|Any CPU.Build.0 = Release|Any CPU
		{C3F31C84-08BC-4EA2-BD24-C2B19CA797D9}.Debug|Any CPU.ActiveCfg = Debug|Any CPU
		{C3F31C84-08BC-4EA2-BD24-C2B19CA797D9}.Debug|Any CPU.Build.0 = Debug|Any CPU
		{C3F31C84-08BC-4EA2-BD24-C2B19CA797D9}.Release|Any CPU.ActiveCfg = Release|Any CPU
		{C3F31C84-08BC-4EA2-BD24-C2B19CA797D9}.Release|Any CPU.Build.0 = Release|Any CPU
		{BC38DB9F-4756-47EF-883C-7844C2941EC3}.Debug|Any CPU.ActiveCfg = Debug|Any CPU
		{BC38DB9F-4756-47EF-883C-7844C2941EC3}.Debug|Any CPU.Build.0 = Debug|Any CPU
		{BC38DB9F-4756-47EF-883C-7844C2941EC3}.Release|Any CPU.ActiveCfg = Release|Any CPU
		{BC38DB9F-4756-47EF-883C-7844C2941EC3}.Release|Any CPU.Build.0 = Release|Any CPU
		{2417BFD9-2BBA-4E38-B09E-9437E42A53FA}.Debug|Any CPU.ActiveCfg = Debug|Any CPU
		{2417BFD9-2BBA-4E38-B09E-9437E42A53FA}.Debug|Any CPU.Build.0 = Debug|Any CPU
		{2417BFD9-2BBA-4E38-B09E-9437E42A53FA}.Release|Any CPU.ActiveCfg = Release|Any CPU
		{2417BFD9-2BBA-4E38-B09E-9437E42A53FA}.Release|Any CPU.Build.0 = Release|Any CPU
		{FD50437F-B756-4BD8-99BE-B723F6E1EB45}.Debug|Any CPU.ActiveCfg = Debug|Any CPU
		{FD50437F-B756-4BD8-99BE-B723F6E1EB45}.Debug|Any CPU.Build.0 = Debug|Any CPU
		{FD50437F-B756-4BD8-99BE-B723F6E1EB45}.Release|Any CPU.ActiveCfg = Release|Any CPU
		{FD50437F-B756-4BD8-99BE-B723F6E1EB45}.Release|Any CPU.Build.0 = Release|Any CPU
	EndGlobalSection
	GlobalSection(SolutionProperties) = preSolution
		HideSolutionNode = FALSE
	EndGlobalSection
EndGlobal
